
Microsoft Visual Studio Solution File, Format Version 12.00
# Visual Studio Version 16
VisualStudioVersion = 16.0.29519.161
MinimumVisualStudioVersion = 10.0.40219.1
Project("{9A19103F-16F7-4668-BE54-9A1E7A4F7556}") = "ImTryin.T4.Roslyn", "ImTryin.T4.Roslyn\ImTryin.T4.Roslyn.csproj", "{6210F4FC-11D0-4EC9-ADF0-AE60C678D6E2}"
EndProject
Project("{FAE04EC0-301F-11D3-BF4B-00C04F79EFBC}") = "ImTryin.T4.Roslyn.EfTest", "ImTryin.T4.Roslyn.EfTest\ImTryin.T4.Roslyn.EfTest.csproj", "{9FE0AC1C-7380-47C1-98FE-66819143C5BE}"
EndProject
Global
	GlobalSection(SolutionConfigurationPlatforms) = preSolution
		Debug|Any CPU = Debug|Any CPU
		Release|Any CPU = Release|Any CPU
	EndGlobalSection
	GlobalSection(ProjectConfigurationPlatforms) = postSolution
		{6210F4FC-11D0-4EC9-ADF0-AE60C678D6E2}.Debug|Any CPU.ActiveCfg = Debug|Any CPU
		{6210F4FC-11D0-4EC9-ADF0-AE60C678D6E2}.Debug|Any CPU.Build.0 = Debug|Any CPU
		{6210F4FC-11D0-4EC9-ADF0-AE60C678D6E2}.Release|Any CPU.ActiveCfg = Release|Any CPU
		{6210F4FC-11D0-4EC9-ADF0-AE60C678D6E2}.Release|Any CPU.Build.0 = Release|Any CPU
		{9FE0AC1C-7380-47C1-98FE-66819143C5BE}.Debug|Any CPU.ActiveCfg = Debug|Any CPU
		{9FE0AC1C-7380-47C1-98FE-66819143C5BE}.Debug|Any CPU.Build.0 = Debug|Any CPU
		{9FE0AC1C-7380-47C1-98FE-66819143C5BE}.Release|Any CPU.ActiveCfg = Release|Any CPU
		{9FE0AC1C-7380-47C1-98FE-66819143C5BE}.Release|Any CPU.Build.0 = Release|Any CPU
	EndGlobalSection
	GlobalSection(SolutionProperties) = preSolution
		HideSolutionNode = FALSE
	EndGlobalSection
	GlobalSection(ExtensibilityGlobals) = postSolution
		SolutionGuid = {C9BC4390-EB21-47DA-9C20-75E01AF3914A}
	EndGlobalSection
EndGlobal
